// !$*UTF8*$!
{
	archiveVersion = 1;
	classes = {
	};
	objectVersion = 46;
	objects = {

/* Begin PBXBuildFile section */
		0373053A17B9FCD800EE7FA5 /* Foundation.framework in Frameworks */ = {isa = PBXBuildFile; fileRef = 0373053917B9FCD800EE7FA5 /* Foundation.framework */; };
		0373053D17B9FCD800EE7FA5 /* main.m in Sources */ = {isa = PBXBuildFile; fileRef = 0373053C17B9FCD800EE7FA5 /* main.m */; };
		0373054C17B9FCEA00EE7FA5 /* ChimeData.m in Sources */ = {isa = PBXBuildFile; fileRef = 0373054B17B9FCEA00EE7FA5 /* ChimeData.m */; };
		0373054E17B9FDC800EE7FA5 /* Security.framework in Frameworks */ = {isa = PBXBuildFile; fileRef = 0373054D17B9FDC800EE7FA5 /* Security.framework */; };
		0373055017B9FDDF00EE7FA5 /* AppKit.framework in Frameworks */ = {isa = PBXBuildFile; fileRef = 0373054F17B9FDDE00EE7FA5 /* AppKit.framework */; };
		03D08B6F17BA6A5A00844624 /* IOKit.framework in Frameworks */ = {isa = PBXBuildFile; fileRef = 03D08B6E17BA6A5A00844624 /* IOKit.framework */; };
/* End PBXBuildFile section */

/* Begin PBXCopyFilesBuildPhase section */
		0373053217B9FCD800EE7FA5 /* CopyFiles */ = {
			isa = PBXCopyFilesBuildPhase;
			buildActionMask = 2147483647;
			dstPath = /usr/share/man/man1/;
			dstSubfolderSpec = 0;
			files = (
			);
			runOnlyForDeploymentPostprocessing = 1;
		};
/* End PBXCopyFilesBuildPhase section */

/* Begin PBXFileReference section */
		0373053417B9FCD800EE7FA5 /* Carillon */ = {isa = PBXFileReference; explicitFileType = "compiled.mach-o.executable"; includeInIndex = 0; path = Carillon; sourceTree = BUILT_PRODUCTS_DIR; };
		0373053917B9FCD800EE7FA5 /* Foundation.framework */ = {isa = PBXFileReference; lastKnownFileType = wrapper.framework; name = Foundation.framework; path = System/Library/Frameworks/Foundation.framework; sourceTree = SDKROOT; };
		0373053C17B9FCD800EE7FA5 /* main.m */ = {isa = PBXFileReference; lastKnownFileType = sourcecode.c.objc; path = main.m; sourceTree = "<group>"; };
		0373053F17B9FCD800EE7FA5 /* Carillon-Prefix.pch */ = {isa = PBXFileReference; lastKnownFileType = sourcecode.c.h; path = "Carillon-Prefix.pch"; sourceTree = "<group>"; };
		0373054A17B9FCEA00EE7FA5 /* ChimeData.h */ = {isa = PBXFileReference; fileEncoding = 4; lastKnownFileType = sourcecode.c.h; path = ChimeData.h; sourceTree = "<group>"; };
		0373054B17B9FCEA00EE7FA5 /* ChimeData.m */ = {isa = PBXFileReference; fileEncoding = 4; lastKnownFileType = sourcecode.c.objc; path = ChimeData.m; sourceTree = "<group>"; };
		0373054D17B9FDC800EE7FA5 /* Security.framework */ = {isa = PBXFileReference; lastKnownFileType = wrapper.framework; name = Security.framework; path = System/Library/Frameworks/Security.framework; sourceTree = SDKROOT; };
		0373054F17B9FDDE00EE7FA5 /* AppKit.framework */ = {isa = PBXFileReference; lastKnownFileType = wrapper.framework; name = AppKit.framework; path = System/Library/Frameworks/AppKit.framework; sourceTree = SDKROOT; };
		03D08B6E17BA6A5A00844624 /* IOKit.framework */ = {isa = PBXFileReference; lastKnownFileType = wrapper.framework; name = IOKit.framework; path = System/Library/Frameworks/IOKit.framework; sourceTree = SDKROOT; };
/* End PBXFileReference section */

/* Begin PBXFrameworksBuildPhase section */
		0373053117B9FCD800EE7FA5 /* Frameworks */ = {
			isa = PBXFrameworksBuildPhase;
			buildActionMask = 2147483647;
			files = (
				03D08B6F17BA6A5A00844624 /* IOKit.framework in Frameworks */,
				0373055017B9FDDF00EE7FA5 /* AppKit.framework in Frameworks */,
				0373054E17B9FDC800EE7FA5 /* Security.framework in Frameworks */,
				0373053A17B9FCD800EE7FA5 /* Foundation.framework in Frameworks */,
			);
			runOnlyForDeploymentPostprocessing = 0;
		};
/* End PBXFrameworksBuildPhase section */

/* Begin PBXGroup section */
		0373052B17B9FCD800EE7FA5 = {
			isa = PBXGroup;
			children = (
				0373053B17B9FCD800EE7FA5 /* Carillon */,
				0373053617B9FCD800EE7FA5 /* Frameworks */,
				0373053517B9FCD800EE7FA5 /* Products */,
			);
			sourceTree = "<group>";
		};
		0373053517B9FCD800EE7FA5 /* Products */ = {
			isa = PBXGroup;
			children = (
				0373053417B9FCD800EE7FA5 /* Carillon */,
			);
			name = Products;
			sourceTree = "<group>";
		};
		0373053617B9FCD800EE7FA5 /* Frameworks */ = {
			isa = PBXGroup;
			children = (
				03D08B6E17BA6A5A00844624 /* IOKit.framework */,
				0373054F17B9FDDE00EE7FA5 /* AppKit.framework */,
				0373054D17B9FDC800EE7FA5 /* Security.framework */,
				0373053917B9FCD800EE7FA5 /* Foundation.framework */,
			);
			name = Frameworks;
			sourceTree = "<group>";
		};
		0373053B17B9FCD800EE7FA5 /* Carillon */ = {
			isa = PBXGroup;
			children = (
				0373053C17B9FCD800EE7FA5 /* main.m */,
				0373054A17B9FCEA00EE7FA5 /* ChimeData.h */,
				0373054B17B9FCEA00EE7FA5 /* ChimeData.m */,
				0373053E17B9FCD800EE7FA5 /* Supporting Files */,
			);
			path = Carillon;
			sourceTree = "<group>";
		};
		0373053E17B9FCD800EE7FA5 /* Supporting Files */ = {
			isa = PBXGroup;
			children = (
				0373053F17B9FCD800EE7FA5 /* Carillon-Prefix.pch */,
			);
			name = "Supporting Files";
			sourceTree = "<group>";
		};
/* End PBXGroup section */

/* Begin PBXNativeTarget section */
		0373053317B9FCD800EE7FA5 /* Carillon */ = {
			isa = PBXNativeTarget;
			buildConfigurationList = 0373054717B9FCD800EE7FA5 /* Build configuration list for PBXNativeTarget "Carillon" */;
			buildPhases = (
				0373053017B9FCD800EE7FA5 /* Sources */,
				0373053117B9FCD800EE7FA5 /* Frameworks */,
				0373053217B9FCD800EE7FA5 /* CopyFiles */,
			);
			buildRules = (
			);
			dependencies = (
			);
			name = Carillon;
			productName = Carillon;
			productReference = 0373053417B9FCD800EE7FA5 /* Carillon */;
			productType = "com.apple.product-type.tool";
		};
/* End PBXNativeTarget section */

/* Begin PBXProject section */
		0373052C17B9FCD800EE7FA5 /* Project object */ = {
			isa = PBXProject;
			attributes = {
				LastUpgradeCheck = 0460;
				ORGANIZATIONNAME = nicoSWD;
			};
			buildConfigurationList = 0373052F17B9FCD800EE7FA5 /* Build configuration list for PBXProject "Carillon" */;
			compatibilityVersion = "Xcode 3.2";
			developmentRegion = English;
			hasScannedForEncodings = 0;
			knownRegions = (
				en,
			);
			mainGroup = 0373052B17B9FCD800EE7FA5;
			productRefGroup = 0373053517B9FCD800EE7FA5 /* Products */;
			projectDirPath = "";
			projectRoot = "";
			targets = (
				0373053317B9FCD800EE7FA5 /* Carillon */,
			);
		};
/* End PBXProject section */

/* Begin PBXSourcesBuildPhase section */
		0373053017B9FCD800EE7FA5 /* Sources */ = {
			isa = PBXSourcesBuildPhase;
			buildActionMask = 2147483647;
			files = (
				0373053D17B9FCD800EE7FA5 /* main.m in Sources */,
				0373054C17B9FCEA00EE7FA5 /* ChimeData.m in Sources */,
			);
			runOnlyForDeploymentPostprocessing = 0;
		};
/* End PBXSourcesBuildPhase section */

/* Begin XCBuildConfiguration section */
		0373054517B9FCD800EE7FA5 /* Debug */ = {
			isa = XCBuildConfiguration;
			buildSettings = {
				ALWAYS_SEARCH_USER_PATHS = NO;
				ARCHS = "$(ARCHS_STANDARD_32_64_BIT)";
				CLANG_CXX_LANGUAGE_STANDARD = "gnu++0x";
				CLANG_CXX_LIBRARY = "libc++";
				CLANG_WARN_CONSTANT_CONVERSION = YES;
				CLANG_WARN_EMPTY_BODY = YES;
				CLANG_WARN_ENUM_CONVERSION = YES;
				CLANG_WARN_INT_CONVERSION = YES;
				CLANG_WARN__DUPLICATE_METHOD_MATCH = YES;
				COPY_PHASE_STRIP = NO;
				GCC_C_LANGUAGE_STANDARD = gnu99;
				GCC_DYNAMIC_NO_PIC = NO;
				GCC_ENABLE_OBJC_EXCEPTIONS = YES;
				GCC_OPTIMIZATION_LEVEL = 0;
				GCC_PREPROCESSOR_DEFINITIONS = (
					"DEBUG=1",
					"$(inherited)",
				);
				GCC_SYMBOLS_PRIVATE_EXTERN = NO;
				GCC_WARN_64_TO_32_BIT_CONVERSION = YES;
				GCC_WARN_ABOUT_RETURN_TYPE = YES;
				GCC_WARN_UNINITIALIZED_AUTOS = YES;
				GCC_WARN_UNUSED_VARIABLE = YES;
				MACOSX_DEPLOYMENT_TARGET = 10.6;
				ONLY_ACTIVE_ARCH = YES;
				SDKROOT = macosx;
			};
			name = Debug;
		};
		0373054617B9FCD800EE7FA5 /* Release */ = {
			isa = XCBuildConfiguration;
			buildSettings = {
				ALWAYS_SEARCH_USER_PATHS = NO;
				ARCHS = "$(ARCHS_STANDARD_32_64_BIT)";
				CLANG_CXX_LANGUAGE_STANDARD = "gnu++0x";
				CLANG_CXX_LIBRARY = "libc++";
				CLANG_WARN_CONSTANT_CONVERSION = YES;
				CLANG_WARN_EMPTY_BODY = YES;
				CLANG_WARN_ENUM_CONVERSION = YES;
				CLANG_WARN_INT_CONVERSION = YES;
				CLANG_WARN__DUPLICATE_METHOD_MATCH = YES;
				COPY_PHASE_STRIP = YES;
				DEBUG_INFORMATION_FORMAT = "dwarf-with-dsym";
				GCC_C_LANGUAGE_STANDARD = gnu99;
				GCC_ENABLE_OBJC_EXCEPTIONS = YES;
				GCC_WARN_64_TO_32_BIT_CONVERSION = YES;
				GCC_WARN_ABOUT_RETURN_TYPE = YES;
				GCC_WARN_UNINITIALIZED_AUTOS = YES;
				GCC_WARN_UNUSED_VARIABLE = YES;
				MACOSX_DEPLOYMENT_TARGET = 10.6;
				SDKROOT = macosx;
			};
			name = Release;
		};
		0373054817B9FCD800EE7FA5 /* Debug */ = {
			isa = XCBuildConfiguration;
			buildSettings = {
				ALTERNATE_GROUP = "$(GROUP)";
				ALTERNATE_OWNER = "$(USER)";
				ARCHS = "$(ARCHS_STANDARD_32_64_BIT)";
				GCC_PRECOMPILE_PREFIX_HEADER = YES;
				GCC_PREFIX_HEADER = "Carillon/Carillon-Prefix.pch";
				INSTALL_GROUP = "$(GROUP)";
				INSTALL_OWNER = "$(USER)";
				PRODUCT_NAME = "$(TARGET_NAME)";
				SDKROOT = macosx;
				SKIP_INSTALL = YES;
			};
			name = Debug;
		};
		0373054917B9FCD800EE7FA5 /* Release */ = {
			isa = XCBuildConfiguration;
			buildSettings = {
				ALTERNATE_GROUP = "$(GROUP)";
				ALTERNATE_OWNER = "$(USER)";
				ARCHS = "$(ARCHS_STANDARD_32_64_BIT)";
				GCC_OPTIMIZATION_LEVEL = s;
				GCC_PRECOMPILE_PREFIX_HEADER = YES;
				GCC_PREFIX_HEADER = "Carillon/Carillon-Prefix.pch";
				INSTALL_GROUP = "$(GROUP)";
				INSTALL_OWNER = "$(USER)";
				PRODUCT_NAME = "$(TARGET_NAME)";
				SDKROOT = macosx;
				SKIP_INSTALL = YES;
			};
			name = Release;
		};
/* End XCBuildConfiguration section */

/* Begin XCConfigurationList section */
		0373052F17B9FCD800EE7FA5 /* Build configuration list for PBXProject "Carillon" */ = {
			isa = XCConfigurationList;
			buildConfigurations = (
				0373054517B9FCD800EE7FA5 /* Debug */,
				0373054617B9FCD800EE7FA5 /* Release */,
			);
			defaultConfigurationIsVisible = 0;
			defaultConfigurationName = Release;
		};
		0373054717B9FCD800EE7FA5 /* Build configuration list for PBXNativeTarget "Carillon" */ = {
			isa = XCConfigurationList;
			buildConfigurations = (
				0373054817B9FCD800EE7FA5 /* Debug */,
				0373054917B9FCD800EE7FA5 /* Release */,
			);
			defaultConfigurationIsVisible = 0;
			defaultConfigurationName = Release;
		};
/* End XCConfigurationList section */
	};
	rootObject = 0373052C17B9FCD800EE7FA5 /* Project object */;
}
